// !$*UTF8*$!
{
	archiveVersion = 1;
	classes = {
	};
	objectVersion = 55;
	objects = {

/* Begin PBXBuildFile section */
		E8BDA0DA28C762490057F0BB /* AppDelegate.swift in Sources */ = {isa = PBXBuildFile; fileRef = E8BDA0D928C762490057F0BB /* AppDelegate.swift */; };
		E8BDA0DC28C762490057F0BB /* SceneDelegate.swift in Sources */ = {isa = PBXBuildFile; fileRef = E8BDA0DB28C762490057F0BB /* SceneDelegate.swift */; };
		E8BDA0DE28C762490057F0BB /* ViewController.swift in Sources */ = {isa = PBXBuildFile; fileRef = E8BDA0DD28C762490057F0BB /* ViewController.swift */; };
		E8BDA0E128C762490057F0BB /* Main.storyboard in Resources */ = {isa = PBXBuildFile; fileRef = E8BDA0DF28C762490057F0BB /* Main.storyboard */; };
		E8BDA0E428C762490057F0BB /* notification.xcdatamodeld in Sources */ = {isa = PBXBuildFile; fileRef = E8BDA0E228C762490057F0BB /* notification.xcdatamodeld */; };
		E8BDA0E628C7624A0057F0BB /* Assets.xcassets in Resources */ = {isa = PBXBuildFile; fileRef = E8BDA0E528C7624A0057F0BB /* Assets.xcassets */; };
		E8BDA0E928C7624A0057F0BB /* LaunchScreen.storyboard in Resources */ = {isa = PBXBuildFile; fileRef = E8BDA0E728C7624A0057F0BB /* LaunchScreen.storyboard */; };
		E8BDA0F128C762A50057F0BB /* NotificationViewController.swift in Sources */ = {isa = PBXBuildFile; fileRef = E8BDA0F028C762A50057F0BB /* NotificationViewController.swift */; };
		E8BDA0F328C7B3660057F0BB /* FirstViewController.swift in Sources */ = {isa = PBXBuildFile; fileRef = E8BDA0F228C7B3660057F0BB /* FirstViewController.swift */; };
		E8BDA0F528C7B3770057F0BB /* SecondViewController.swift in Sources */ = {isa = PBXBuildFile; fileRef = E8BDA0F428C7B3770057F0BB /* SecondViewController.swift */; };
/* End PBXBuildFile section */

/* Begin PBXFileReference section */
		E8BDA0D628C762490057F0BB /* notification.app */ = {isa = PBXFileReference; explicitFileType = wrapper.application; includeInIndex = 0; path = notification.app; sourceTree = BUILT_PRODUCTS_DIR; };
		E8BDA0D928C762490057F0BB /* AppDelegate.swift */ = {isa = PBXFileReference; lastKnownFileType = sourcecode.swift; path = AppDelegate.swift; sourceTree = "<group>"; };
		E8BDA0DB28C762490057F0BB /* SceneDelegate.swift */ = {isa = PBXFileReference; lastKnownFileType = sourcecode.swift; path = SceneDelegate.swift; sourceTree = "<group>"; };
		E8BDA0DD28C762490057F0BB /* ViewController.swift */ = {isa = PBXFileReference; lastKnownFileType = sourcecode.swift; path = ViewController.swift; sourceTree = "<group>"; };
		E8BDA0E028C762490057F0BB /* Base */ = {isa = PBXFileReference; lastKnownFileType = file.storyboard; name = Base; path = Base.lproj/Main.storyboard; sourceTree = "<group>"; };
		E8BDA0E328C762490057F0BB /* notification.xcdatamodel */ = {isa = PBXFileReference; lastKnownFileType = wrapper.xcdatamodel; path = notification.xcdatamodel; sourceTree = "<group>"; };
		E8BDA0E528C7624A0057F0BB /* Assets.xcassets */ = {isa = PBXFileReference; lastKnownFileType = folder.assetcatalog; path = Assets.xcassets; sourceTree = "<group>"; };
		E8BDA0E828C7624A0057F0BB /* Base */ = {isa = PBXFileReference; lastKnownFileType = file.storyboard; name = Base; path = Base.lproj/LaunchScreen.storyboard; sourceTree = "<group>"; };
		E8BDA0EA28C7624A0057F0BB /* Info.plist */ = {isa = PBXFileReference; lastKnownFileType = text.plist.xml; path = Info.plist; sourceTree = "<group>"; };
		E8BDA0F028C762A50057F0BB /* NotificationViewController.swift */ = {isa = PBXFileReference; lastKnownFileType = sourcecode.swift; path = NotificationViewController.swift; sourceTree = "<group>"; };
		E8BDA0F228C7B3660057F0BB /* FirstViewController.swift */ = {isa = PBXFileReference; lastKnownFileType = sourcecode.swift; path = FirstViewController.swift; sourceTree = "<group>"; };
		E8BDA0F428C7B3770057F0BB /* SecondViewController.swift */ = {isa = PBXFileReference; lastKnownFileType = sourcecode.swift; path = SecondViewController.swift; sourceTree = "<group>"; };
/* End PBXFileReference section */

/* Begin PBXFrameworksBuildPhase section */
		E8BDA0D328C762490057F0BB /* Frameworks */ = {
			isa = PBXFrameworksBuildPhase;
			buildActionMask = 2147483647;
			files = (
			);
			runOnlyForDeploymentPostprocessing = 0;
		};
/* End PBXFrameworksBuildPhase section */

/* Begin PBXGroup section */
		E8BDA0CD28C762490057F0BB = {
			isa = PBXGroup;
			children = (
				E8BDA0F428C7B3770057F0BB /* SecondViewController.swift */,
				E8BDA0F228C7B3660057F0BB /* FirstViewController.swift */,
				E8BDA0F028C762A50057F0BB /* NotificationViewController.swift */,
				E8BDA0D828C762490057F0BB /* notification */,
				E8BDA0D728C762490057F0BB /* Products */,
			);
			sourceTree = "<group>";
		};
		E8BDA0D728C762490057F0BB /* Products */ = {
			isa = PBXGroup;
			children = (
				E8BDA0D628C762490057F0BB /* notification.app */,
			);
			name = Products;
			sourceTree = "<group>";
		};
		E8BDA0D828C762490057F0BB /* notification */ = {
			isa = PBXGroup;
			children = (
				E8BDA0D928C762490057F0BB /* AppDelegate.swift */,
				E8BDA0DB28C762490057F0BB /* SceneDelegate.swift */,
				E8BDA0DD28C762490057F0BB /* ViewController.swift */,
				E8BDA0DF28C762490057F0BB /* Main.storyboard */,
				E8BDA0E528C7624A0057F0BB /* Assets.xcassets */,
				E8BDA0E728C7624A0057F0BB /* LaunchScreen.storyboard */,
				E8BDA0EA28C7624A0057F0BB /* Info.plist */,
				E8BDA0E228C762490057F0BB /* notification.xcdatamodeld */,
			);
			path = notification;
			sourceTree = "<group>";
		};
/* End PBXGroup section */

/* Begin PBXNativeTarget section */
		E8BDA0D528C762490057F0BB /* notification */ = {
			isa = PBXNativeTarget;
			buildConfigurationList = E8BDA0ED28C7624A0057F0BB /* Build configuration list for PBXNativeTarget "notification" */;
			buildPhases = (
				E8BDA0D228C762490057F0BB /* Sources */,
				E8BDA0D328C762490057F0BB /* Frameworks */,
				E8BDA0D428C762490057F0BB /* Resources */,
			);
			buildRules = (
			);
			dependencies = (
			);
			name = notification;
			productName = notification;
			productReference = E8BDA0D628C762490057F0BB /* notification.app */;
			productType = "com.apple.product-type.application";
		};
/* End PBXNativeTarget section */

/* Begin PBXProject section */
		E8BDA0CE28C762490057F0BB /* Project object */ = {
			isa = PBXProject;
			attributes = {
				BuildIndependentTargetsInParallel = 1;
				LastSwiftUpdateCheck = 1340;
				LastUpgradeCheck = 1340;
				TargetAttributes = {
					E8BDA0D528C762490057F0BB = {
						CreatedOnToolsVersion = 13.4.1;
					};
				};
			};
			buildConfigurationList = E8BDA0D128C762490057F0BB /* Build configuration list for PBXProject "notification" */;
			compatibilityVersion = "Xcode 13.0";
			developmentRegion = en;
			hasScannedForEncodings = 0;
			knownRegions = (
				en,
				Base,
			);
			mainGroup = E8BDA0CD28C762490057F0BB;
			productRefGroup = E8BDA0D728C762490057F0BB /* Products */;
			projectDirPath = "";
			projectRoot = "";
			targets = (
				E8BDA0D528C762490057F0BB /* notification */,
			);
		};
/* End PBXProject section */

/* Begin PBXResourcesBuildPhase section */
		E8BDA0D428C762490057F0BB /* Resources */ = {
			isa = PBXResourcesBuildPhase;
			buildActionMask = 2147483647;
			files = (
				E8BDA0E928C7624A0057F0BB /* LaunchScreen.storyboard in Resources */,
				E8BDA0E628C7624A0057F0BB /* Assets.xcassets in Resources */,
				E8BDA0E128C762490057F0BB /* Main.storyboard in Resources */,
			);
			runOnlyForDeploymentPostprocessing = 0;
		};
/* End PBXResourcesBuildPhase section */

/* Begin PBXSourcesBuildPhase section */
		E8BDA0D228C762490057F0BB /* Sources */ = {
			isa = PBXSourcesBuildPhase;
			buildActionMask = 2147483647;
			files = (
				E8BDA0F128C762A50057F0BB /* NotificationViewController.swift in Sources */,
				E8BDA0E428C762490057F0BB /* notification.xcdatamodeld in Sources */,
				E8BDA0DE28C762490057F0BB /* ViewController.swift in Sources */,
				E8BDA0F328C7B3660057F0BB /* FirstViewController.swift in Sources */,
				E8BDA0F528C7B3770057F0BB /* SecondViewController.swift in Sources */,
				E8BDA0DA28C762490057F0BB /* AppDelegate.swift in Sources */,
				E8BDA0DC28C762490057F0BB /* SceneDelegate.swift in Sources */,
			);
			runOnlyForDeploymentPostprocessing = 0;
		};
/* End PBXSourcesBuildPhase section */

/* Begin PBXVariantGroup section */
		E8BDA0DF28C762490057F0BB /* Main.storyboard */ = {
			isa = PBXVariantGroup;
			children = (
				E8BDA0E028C762490057F0BB /* Base */,
			);
			name = Main.storyboard;
			sourceTree = "<group>";
		};
		E8BDA0E728C7624A0057F0BB /* LaunchScreen.storyboard */ = {
			isa = PBXVariantGroup;
			children = (
				E8BDA0E828C7624A0057F0BB /* Base */,
			);
			name = LaunchScreen.storyboard;
			sourceTree = "<group>";
		};
/* End PBXVariantGroup section */

/* Begin XCBuildConfiguration section */
		E8BDA0EB28C7624A0057F0BB /* Debug */ = {
			isa = XCBuildConfiguration;
			buildSettings = {
				ALWAYS_SEARCH_USER_PATHS = NO;
				CLANG_ANALYZER_NONNULL = YES;
				CLANG_ANALYZER_NUMBER_OBJECT_CONVERSION = YES_AGGRESSIVE;
				CLANG_CXX_LANGUAGE_STANDARD = "gnu++17";
				CLANG_ENABLE_MODULES = YES;
				CLANG_ENABLE_OBJC_ARC = YES;
				CLANG_ENABLE_OBJC_WEAK = YES;
				CLANG_WARN_BLOCK_CAPTURE_AUTORELEASING = YES;
				CLANG_WARN_BOOL_CONVERSION = YES;
				CLANG_WARN_COMMA = YES;
				CLANG_WARN_CONSTANT_CONVERSION = YES;
				CLANG_WARN_DEPRECATED_OBJC_IMPLEMENTATIONS = YES;
				CLANG_WARN_DIRECT_OBJC_ISA_USAGE = YES_ERROR;
				CLANG_WARN_DOCUMENTATION_COMMENTS = YES;
				CLANG_WARN_EMPTY_BODY = YES;
				CLANG_WARN_ENUM_CONVERSION = YES;
				CLANG_WARN_INFINITE_RECURSION = YES;
				CLANG_WARN_INT_CONVERSION = YES;
				CLANG_WARN_NON_LITERAL_NULL_CONVERSION = YES;
				CLANG_WARN_OBJC_IMPLICIT_RETAIN_SELF = YES;
				CLANG_WARN_OBJC_LITERAL_CONVERSION = YES;
				CLANG_WARN_OBJC_ROOT_CLASS = YES_ERROR;
				CLANG_WARN_QUOTED_INCLUDE_IN_FRAMEWORK_HEADER = YES;
				CLANG_WARN_RANGE_LOOP_ANALYSIS = YES;
				CLANG_WARN_STRICT_PROTOTYPES = YES;
				CLANG_WARN_SUSPICIOUS_MOVE = YES;
				CLANG_WARN_UNGUARDED_AVAILABILITY = YES_AGGRESSIVE;
				CLANG_WARN_UNREACHABLE_CODE = YES;
				CLANG_WARN__DUPLICATE_METHOD_MATCH = YES;
				COPY_PHASE_STRIP = NO;
				DEBUG_INFORMATION_FORMAT = dwarf;
				ENABLE_STRICT_OBJC_MSGSEND = YES;
				ENABLE_TESTABILITY = YES;
				GCC_C_LANGUAGE_STANDARD = gnu11;
				GCC_DYNAMIC_NO_PIC = NO;
				GCC_NO_COMMON_BLOCKS = YES;
				GCC_OPTIMIZATION_LEVEL = 0;
				GCC_PREPROCESSOR_DEFINITIONS = (
					"DEBUG=1",
					"$(inherited)",
				);
				GCC_WARN_64_TO_32_BIT_CONVERSION = YES;
				GCC_WARN_ABOUT_RETURN_TYPE = YES_ERROR;
				GCC_WARN_UNDECLARED_SELECTOR = YES;
				GCC_WARN_UNINITIALIZED_AUTOS = YES_AGGRESSIVE;
				GCC_WARN_UNUSED_FUNCTION = YES;
				GCC_WARN_UNUSED_VARIABLE = YES;
				IPHONEOS_DEPLOYMENT_TARGET = 15.5;
				MTL_ENABLE_DEBUG_INFO = INCLUDE_SOURCE;
				MTL_FAST_MATH = YES;
				ONLY_ACTIVE_ARCH = YES;
				SDKROOT = iphoneos;
				SWIFT_ACTIVE_COMPILATION_CONDITIONS = DEBUG;
				SWIFT_OPTIMIZATION_LEVEL = "-Onone";
			};
			name = Debug;
		};
		E8BDA0EC28C7624A0057F0BB /* Release */ = {
			isa = XCBuildConfiguration;
			buildSettings = {
				ALWAYS_SEARCH_USER_PATHS = NO;
				CLANG_ANALYZER_NONNULL = YES;
				CLANG_ANALYZER_NUMBER_OBJECT_CONVERSION = YES_AGGRESSIVE;
				CLANG_CXX_LANGUAGE_STANDARD = "gnu++17";
				CLANG_ENABLE_MODULES = YES;
				CLANG_ENABLE_OBJC_ARC = YES;
				CLANG_ENABLE_OBJC_WEAK = YES;
				CLANG_WARN_BLOCK_CAPTURE_AUTORELEASING = YES;
				CLANG_WARN_BOOL_CONVERSION = YES;
				CLANG_WARN_COMMA = YES;
				CLANG_WARN_CONSTANT_CONVERSION = YES;
				CLANG_WARN_DEPRECATED_OBJC_IMPLEMENTATIONS = YES;
				CLANG_WARN_DIRECT_OBJC_ISA_USAGE = YES_ERROR;
				CLANG_WARN_DOCUMENTATION_COMMENTS = YES;
				CLANG_WARN_EMPTY_BODY = YES;
				CLANG_WARN_ENUM_CONVERSION = YES;
				CLANG_WARN_INFINITE_RECURSION = YES;
				CLANG_WARN_INT_CONVERSION = YES;
				CLANG_WARN_NON_LITERAL_NULL_CONVERSION = YES;
				CLANG_WARN_OBJC_IMPLICIT_RETAIN_SELF = YES;
				CLANG_WARN_OBJC_LITERAL_CONVERSION = YES;
				CLANG_WARN_OBJC_ROOT_CLASS = YES_ERROR;
				CLANG_WARN_QUOTED_INCLUDE_IN_FRAMEWORK_HEADER = YES;
				CLANG_WARN_RANGE_LOOP_ANALYSIS = YES;
				CLANG_WARN_STRICT_PROTOTYPES = YES;
				CLANG_WARN_SUSPICIOUS_MOVE = YES;
				CLANG_WARN_UNGUARDED_AVAILABILITY = YES_AGGRESSIVE;
				CLANG_WARN_UNREACHABLE_CODE = YES;
				CLANG_WARN__DUPLICATE_METHOD_MATCH = YES;
				COPY_PHASE_STRIP = NO;
				DEBUG_INFORMATION_FORMAT = "dwarf-with-dsym";
				ENABLE_NS_ASSERTIONS = NO;
				ENABLE_STRICT_OBJC_MSGSEND = YES;
				GCC_C_LANGUAGE_STANDARD = gnu11;
				GCC_NO_COMMON_BLOCKS = YES;
				GCC_WARN_64_TO_32_BIT_CONVERSION = YES;
				GCC_WARN_ABOUT_RETURN_TYPE = YES_ERROR;
				GCC_WARN_UNDECLARED_SELECTOR = YES;
				GCC_WARN_UNINITIALIZED_AUTOS = YES_AGGRESSIVE;
				GCC_WARN_UNUSED_FUNCTION = YES;
				GCC_WARN_UNUSED_VARIABLE = YES;
				IPHONEOS_DEPLOYMENT_TARGET = 15.5;
				MTL_ENABLE_DEBUG_INFO = NO;
				MTL_FAST_MATH = YES;
				SDKROOT = iphoneos;
				SWIFT_COMPILATION_MODE = wholemodule;
				SWIFT_OPTIMIZATION_LEVEL = "-O";
				VALIDATE_PRODUCT = YES;
			};
			name = Release;
		};
		E8BDA0EE28C7624A0057F0BB /* Debug */ = {
			isa = XCBuildConfiguration;
			buildSettings = {
				ASSETCATALOG_COMPILER_APPICON_NAME = AppIcon;
				ASSETCATALOG_COMPILER_GLOBAL_ACCENT_COLOR_NAME = AccentColor;
				CODE_SIGN_STYLE = Automatic;
				CURRENT_PROJECT_VERSION = 1;
				GENERATE_INFOPLIST_FILE = YES;
				INFOPLIST_FILE = notification/Info.plist;
				INFOPLIST_KEY_UIApplicationSupportsIndirectInputEvents = YES;
				INFOPLIST_KEY_UILaunchStoryboardName = LaunchScreen;
				INFOPLIST_KEY_UIMainStoryboardFile = Main;
				INFOPLIST_KEY_UISupportedInterfaceOrientations_iPad = "UIInterfaceOrientationPortrait UIInterfaceOrientationPortraitUpsideDown UIInterfaceOrientationLandscapeLeft UIInterfaceOrientationLandscapeRight";
				INFOPLIST_KEY_UISupportedInterfaceOrientations_iPhone = "UIInterfaceOrientationPortrait UIInterfaceOrientationLandscapeLeft UIInterfaceOrientationLandscapeRight";
				LD_RUNPATH_SEARCH_PATHS = (
					"$(inherited)",
					"@executable_path/Frameworks",
				);
				MARKETING_VERSION = 1.0;
				PRODUCT_BUNDLE_IDENTIFIER = com.capgemini.notification;
				PRODUCT_NAME = "$(TARGET_NAME)";
				SWIFT_EMIT_LOC_STRINGS = YES;
				SWIFT_VERSION = 5.0;
				TARGETED_DEVICE_FAMILY = "1,2";
			};
			name = Debug;
		};
		E8BDA0EF28C7624A0057F0BB /* Release */ = {
			isa = XCBuildConfiguration;
			buildSettings = {
				ASSETCATALOG_COMPILER_APPICON_NAME = AppIcon;
				ASSETCATALOG_COMPILER_GLOBAL_ACCENT_COLOR_NAME = AccentColor;
				CODE_SIGN_STYLE = Automatic;
				CURRENT_PROJECT_VERSION = 1;
				GENERATE_INFOPLIST_FILE = YES;
				INFOPLIST_FILE = notification/Info.plist;
				INFOPLIST_KEY_UIApplicationSupportsIndirectInputEvents = YES;
				INFOPLIST_KEY_UILaunchStoryboardName = LaunchScreen;
				INFOPLIST_KEY_UIMainStoryboardFile = Main;
				INFOPLIST_KEY_UISupportedInterfaceOrientations_iPad = "UIInterfaceOrientationPortrait UIInterfaceOrientationPortraitUpsideDown UIInterfaceOrientationLandscapeLeft UIInterfaceOrientationLandscapeRight";
				INFOPLIST_KEY_UISupportedInterfaceOrientations_iPhone = "UIInterfaceOrientationPortrait UIInterfaceOrientationLandscapeLeft UIInterfaceOrientationLandscapeRight";
				LD_RUNPATH_SEARCH_PATHS = (
					"$(inherited)",
					"@executable_path/Frameworks",
				);
				MARKETING_VERSION = 1.0;
				PRODUCT_BUNDLE_IDENTIFIER = com.capgemini.notification;
				PRODUCT_NAME = "$(TARGET_NAME)";
				SWIFT_EMIT_LOC_STRINGS = YES;
				SWIFT_VERSION = 5.0;
				TARGETED_DEVICE_FAMILY = "1,2";
			};
			name = Release;
		};
/* End XCBuildConfiguration section */

/* Begin XCConfigurationList section */
		E8BDA0D128C762490057F0BB /* Build configuration list for PBXProject "notification" */ = {
			isa = XCConfigurationList;
			buildConfigurations = (
				E8BDA0EB28C7624A0057F0BB /* Debug */,
				E8BDA0EC28C7624A0057F0BB /* Release */,
			);
			defaultConfigurationIsVisible = 0;
			defaultConfigurationName = Release;
		};
		E8BDA0ED28C7624A0057F0BB /* Build configuration list for PBXNativeTarget "notification" */ = {
			isa = XCConfigurationList;
			buildConfigurations = (
				E8BDA0EE28C7624A0057F0BB /* Debug */,
				E8BDA0EF28C7624A0057F0BB /* Release */,
			);
			defaultConfigurationIsVisible = 0;
			defaultConfigurationName = Release;
		};
/* End XCConfigurationList section */

/* Begin XCVersionGroup section */
		E8BDA0E228C762490057F0BB /* notification.xcdatamodeld */ = {
			isa = XCVersionGroup;
			children = (
				E8BDA0E328C762490057F0BB /* notification.xcdatamodel */,
			);
			currentVersion = E8BDA0E328C762490057F0BB /* notification.xcdatamodel */;
			path = notification.xcdatamodeld;
			sourceTree = "<group>";
			versionGroupType = wrapper.xcdatamodel;
		};
/* End XCVersionGroup section */
	};
	rootObject = E8BDA0CE28C762490057F0BB /* Project object */;
}
